// !$*UTF8*$!
{
	archiveVersion = 1;
	classes = {
	};
	objectVersion = 56;
	objects = {

/* Begin PBXBuildFile section */
		32049A4E2A5B029B00FF0E65 /* CollectionNetworkModel.swift in Sources */ = {isa = PBXBuildFile; fileRef = 32049A4D2A5B029B00FF0E65 /* CollectionNetworkModel.swift */; };
		32049A582A5B185D00FF0E65 /* CollectionsCatalogViewModel.swift in Sources */ = {isa = PBXBuildFile; fileRef = 32049A572A5B185D00FF0E65 /* CollectionsCatalogViewModel.swift */; };
		32049A5E2A5BDEB500FF0E65 /* CatalogNFTCell.swift in Sources */ = {isa = PBXBuildFile; fileRef = 32049A5D2A5BDEB500FF0E65 /* CatalogNFTCell.swift */; };
		32049A602A5C6ED300FF0E65 /* CollectionViewModel.swift in Sources */ = {isa = PBXBuildFile; fileRef = 32049A5F2A5C6ED300FF0E65 /* CollectionViewModel.swift */; };
		32049A622A5C725800FF0E65 /* CollectionModel.swift in Sources */ = {isa = PBXBuildFile; fileRef = 32049A612A5C725800FF0E65 /* CollectionModel.swift */; };
		32049A642A5C97FB00FF0E65 /* UserByIdRequest.swift in Sources */ = {isa = PBXBuildFile; fileRef = 32049A632A5C97FB00FF0E65 /* UserByIdRequest.swift */; };
		32049A662A5C98D800FF0E65 /* UserNetworkModel.swift in Sources */ = {isa = PBXBuildFile; fileRef = 32049A652A5C98D800FF0E65 /* UserNetworkModel.swift */; };
		32049A682A5D6CBE00FF0E65 /* NFTRequest.swift in Sources */ = {isa = PBXBuildFile; fileRef = 32049A672A5D6CBE00FF0E65 /* NFTRequest.swift */; };
		32049A6A2A5D6D6D00FF0E65 /* NFTNetworkModel.swift in Sources */ = {isa = PBXBuildFile; fileRef = 32049A692A5D6D6D00FF0E65 /* NFTNetworkModel.swift */; };
		32178D202A5D958400390169 /* OrderRequest.swift in Sources */ = {isa = PBXBuildFile; fileRef = 32178D1F2A5D958400390169 /* OrderRequest.swift */; };
		32178D222A5D964300390169 /* OrderNetworkModel.swift in Sources */ = {isa = PBXBuildFile; fileRef = 32178D212A5D964300390169 /* OrderNetworkModel.swift */; };
		32178D242A5DF31700390169 /* ProfileRequest.swift in Sources */ = {isa = PBXBuildFile; fileRef = 32178D232A5DF31700390169 /* ProfileRequest.swift */; };
		32178D262A5DF35E00390169 /* ProfileNetworkModel.swift in Sources */ = {isa = PBXBuildFile; fileRef = 32178D252A5DF35E00390169 /* ProfileNetworkModel.swift */; };
		32556F3D2A617DA600EBBB07 /* WebViewView.swift in Sources */ = {isa = PBXBuildFile; fileRef = 32556F3C2A617DA600EBBB07 /* WebViewView.swift */; };
		325684C82A515D90000AC9E3 /* ProfileViewController.swift in Sources */ = {isa = PBXBuildFile; fileRef = 325684C72A515D90000AC9E3 /* ProfileViewController.swift */; };
		325684CA2A515DA5000AC9E3 /* StatisticsViewController.swift in Sources */ = {isa = PBXBuildFile; fileRef = 325684C92A515DA5000AC9E3 /* StatisticsViewController.swift */; };
		325684CC2A515DB9000AC9E3 /* CartViewController.swift in Sources */ = {isa = PBXBuildFile; fileRef = 325684CB2A515DB9000AC9E3 /* CartViewController.swift */; };
		325684CE2A515DCD000AC9E3 /* TabBarController.swift in Sources */ = {isa = PBXBuildFile; fileRef = 325684CD2A515DCD000AC9E3 /* TabBarController.swift */; };
		325684D02A515DDF000AC9E3 /* CollectionsCatalogView.swift in Sources */ = {isa = PBXBuildFile; fileRef = 325684CF2A515DDF000AC9E3 /* CollectionsCatalogView.swift */; };
		325684D82A519BF8000AC9E3 /* CatalogTableViewCell.swift in Sources */ = {isa = PBXBuildFile; fileRef = 325684D72A519BF8000AC9E3 /* CatalogTableViewCell.swift */; };
		325684DC2A519D81000AC9E3 /* NFTCollectionView.swift in Sources */ = {isa = PBXBuildFile; fileRef = 325684DB2A519D81000AC9E3 /* NFTCollectionView.swift */; };
		325684DE2A519DA1000AC9E3 /* ImageCollectionCell.swift in Sources */ = {isa = PBXBuildFile; fileRef = 325684DD2A519DA1000AC9E3 /* ImageCollectionCell.swift */; };
		325684E02A519DC6000AC9E3 /* DescriptionCollectionCell.swift in Sources */ = {isa = PBXBuildFile; fileRef = 325684DF2A519DC6000AC9E3 /* DescriptionCollectionCell.swift */; };
		325684E22A5AFE64000AC9E3 /* CollectionsRequest.swift in Sources */ = {isa = PBXBuildFile; fileRef = 325684E12A5AFE64000AC9E3 /* CollectionsRequest.swift */; };
		3299B5D92A63FF9900C704C4 /* ProfileUpdateRequest.swift in Sources */ = {isa = PBXBuildFile; fileRef = 3299B5D82A63FF9900C704C4 /* ProfileUpdateRequest.swift */; };
		3299B5DB2A63FFB000C704C4 /* OrderUpdateRequest.swift in Sources */ = {isa = PBXBuildFile; fileRef = 3299B5DA2A63FFB000C704C4 /* OrderUpdateRequest.swift */; };
		32DA95AE2A6A68DF001CD19B /* SortManager.swift in Sources */ = {isa = PBXBuildFile; fileRef = 32DA95AD2A6A68DF001CD19B /* SortManager.swift */; };
		3F478ECF29DB474E00F6D39E /* Colors.swift in Sources */ = {isa = PBXBuildFile; fileRef = 3F478ECE29DB474E00F6D39E /* Colors.swift */; };
		3F478ED129DB476500F6D39E /* Fonts.swift in Sources */ = {isa = PBXBuildFile; fileRef = 3F478ED029DB476500F6D39E /* Fonts.swift */; };
		3F603CCD29DB4A53000C43D7 /* ProgressHUD in Frameworks */ = {isa = PBXBuildFile; productRef = 3F603CCC29DB4A53000C43D7 /* ProgressHUD */; };
		3F603CD029DB4A74000C43D7 /* Kingfisher in Frameworks */ = {isa = PBXBuildFile; productRef = 3F603CCF29DB4A74000C43D7 /* Kingfisher */; };
		3F68069729CBBAF100B4F915 /* AppDelegate.swift in Sources */ = {isa = PBXBuildFile; fileRef = 3F68069629CBBAF100B4F915 /* AppDelegate.swift */; };
		3F68069929CBBAF100B4F915 /* SceneDelegate.swift in Sources */ = {isa = PBXBuildFile; fileRef = 3F68069829CBBAF100B4F915 /* SceneDelegate.swift */; };
		3F68069B29CBBAF100B4F915 /* ProductDetailsTableViewController.swift in Sources */ = {isa = PBXBuildFile; fileRef = 3F68069A29CBBAF100B4F915 /* ProductDetailsTableViewController.swift */; };
		3F6806A029CBBAF200B4F915 /* Assets.xcassets in Resources */ = {isa = PBXBuildFile; fileRef = 3F68069F29CBBAF200B4F915 /* Assets.xcassets */; };
		3F6806A329CBBAF200B4F915 /* LaunchScreen.storyboard in Resources */ = {isa = PBXBuildFile; fileRef = 3F6806A129CBBAF200B4F915 /* LaunchScreen.storyboard */; };
		3F6806AE29CBBAF200B4F915 /* ExampleUnitTests.swift in Sources */ = {isa = PBXBuildFile; fileRef = 3F6806AD29CBBAF200B4F915 /* ExampleUnitTests.swift */; };
		3F6806B829CBBAF200B4F915 /* FakeNFTUITests.swift in Sources */ = {isa = PBXBuildFile; fileRef = 3F6806B729CBBAF200B4F915 /* FakeNFTUITests.swift */; };
		3F6806CB29CBBCC700B4F915 /* ExampleNetworkModel.swift in Sources */ = {isa = PBXBuildFile; fileRef = 3F6806CA29CBBCC700B4F915 /* ExampleNetworkModel.swift */; };
		3F6806D129CBBE6B00B4F915 /* NetworkClient.swift in Sources */ = {isa = PBXBuildFile; fileRef = 3F6806D029CBBE6B00B4F915 /* NetworkClient.swift */; };
		3F6806D329CBBE9600B4F915 /* NetworkRequest.swift in Sources */ = {isa = PBXBuildFile; fileRef = 3F6806D229CBBE9600B4F915 /* NetworkRequest.swift */; };
		3F6806D529CBBEC700B4F915 /* NetworkTask.swift in Sources */ = {isa = PBXBuildFile; fileRef = 3F6806D429CBBEC700B4F915 /* NetworkTask.swift */; };
		3F6806D729CBC50A00B4F915 /* CellsReusingUtils.swift in Sources */ = {isa = PBXBuildFile; fileRef = 3F6806D629CBC50A00B4F915 /* CellsReusingUtils.swift */; };
		3FC8C38B29D242E90081F015 /* ProductDetailsTableViewCell.swift in Sources */ = {isa = PBXBuildFile; fileRef = 3FC8C38A29D242E90081F015 /* ProductDetailsTableViewCell.swift */; };
		3FC8C39129D2453B0081F015 /* ExampleRequest.swift in Sources */ = {isa = PBXBuildFile; fileRef = 3FC8C39029D2453B0081F015 /* ExampleRequest.swift */; };
		3FC8C39329D246BA0081F015 /* DateFormatters+Presets.swift in Sources */ = {isa = PBXBuildFile; fileRef = 3FC8C39229D246BA0081F015 /* DateFormatters+Presets.swift */; };
		ED6A6E232A616D3000FDDB07 /* CartContentLoader.swift in Sources */ = {isa = PBXBuildFile; fileRef = ED6A6E222A616D3000FDDB07 /* CartContentLoader.swift */; };
		ED6A6E252A6171DB00FDDB07 /* NFTServerModel.swift in Sources */ = {isa = PBXBuildFile; fileRef = ED6A6E242A6171DB00FDDB07 /* NFTServerModel.swift */; };
		ED6A6E292A6173E500FDDB07 /* NFTModel.swift in Sources */ = {isa = PBXBuildFile; fileRef = ED6A6E282A6173E500FDDB07 /* NFTModel.swift */; };
		ED6A6E2C2A61756300FDDB07 /* Observable.swift in Sources */ = {isa = PBXBuildFile; fileRef = ED6A6E2B2A61756300FDDB07 /* Observable.swift */; };
		ED6A6E2F2A6175B500FDDB07 /* CartViewModel.swift in Sources */ = {isa = PBXBuildFile; fileRef = ED6A6E2E2A6175B500FDDB07 /* CartViewModel.swift */; };
		EDB0A0B12A51ECC90019D61F /* NFTStruct.swift in Sources */ = {isa = PBXBuildFile; fileRef = EDB0A0B02A51ECC90019D61F /* NFTStruct.swift */; };
		EDB0A0B32A51EDC00019D61F /* MockCartData.swift in Sources */ = {isa = PBXBuildFile; fileRef = EDB0A0B22A51EDC00019D61F /* MockCartData.swift */; };
		EDB0A0B52A51EDE70019D61F /* NFTCell.swift in Sources */ = {isa = PBXBuildFile; fileRef = EDB0A0B42A51EDE70019D61F /* NFTCell.swift */; };
		EDB0A0B72A54481B0019D61F /* CryptoCurrencyViewController.swift in Sources */ = {isa = PBXBuildFile; fileRef = EDB0A0B62A54481B0019D61F /* CryptoCurrencyViewController.swift */; };
		EDB0A0B92A544ED50019D61F /* PaymentCell.swift in Sources */ = {isa = PBXBuildFile; fileRef = EDB0A0B82A544ED50019D61F /* PaymentCell.swift */; };
		EDB0A0BB2A548CC20019D61F /* PurchaseResultViewController.swift in Sources */ = {isa = PBXBuildFile; fileRef = EDB0A0BA2A548CC20019D61F /* PurchaseResultViewController.swift */; };
		EDC537FA2A68127900D514E5 /* WebKit.swift in Sources */ = {isa = PBXBuildFile; fileRef = EDC537F92A68127900D514E5 /* WebKit.swift */; };
		EDF96FEE2A61907300D2B9A3 /* CartServerModel.swift in Sources */ = {isa = PBXBuildFile; fileRef = EDF96FED2A61907300D2B9A3 /* CartServerModel.swift */; };
		C1B3D5B62A606A70005D499B /* UserModel.swift in Sources */ = {isa = PBXBuildFile; fileRef = C1B3D5B52A606A70005D499B /* UserModel.swift */; };
		C1C0548D2A546FCE001980B9 /* StatisticsUserProfileViewController.swift in Sources */ = {isa = PBXBuildFile; fileRef = C1C0548C2A546FCE001980B9 /* StatisticsUserProfileViewController.swift */; };
		C1C054942A548F83001980B9 /* UIView+Layout.swift in Sources */ = {isa = PBXBuildFile; fileRef = C1C054932A548F83001980B9 /* UIView+Layout.swift */; };
		C1C478B52A531D7400CDDD91 /* StatisticsTableViewCell.swift in Sources */ = {isa = PBXBuildFile; fileRef = C1C478B42A531D7400CDDD91 /* StatisticsTableViewCell.swift */; };
		C1C478B72A531F1400CDDD91 /* StatisticsTableViewCellModel.swift in Sources */ = {isa = PBXBuildFile; fileRef = C1C478B62A531F1400CDDD91 /* StatisticsTableViewCellModel.swift */; };
		C1C478B92A532FC800CDDD91 /* ProfileCellView.swift in Sources */ = {isa = PBXBuildFile; fileRef = C1C478B82A532FC800CDDD91 /* ProfileCellView.swift */; };
		C1CA994F2A55A13100094174 /* StatisticsUserNFTCollectionViewController.swift in Sources */ = {isa = PBXBuildFile; fileRef = C1CA994E2A55A13000094174 /* StatisticsUserNFTCollectionViewController.swift */; };
		C1CA99552A55A70700094174 /* StatisticsUserNFTCollectionViewCell.swift in Sources */ = {isa = PBXBuildFile; fileRef = C1CA99542A55A70700094174 /* StatisticsUserNFTCollectionViewCell.swift */; };
		C1CA99572A55A72F00094174 /* StatisticsUserNFTCollectionCellModel.swift in Sources */ = {isa = PBXBuildFile; fileRef = C1CA99562A55A72F00094174 /* StatisticsUserNFTCollectionCellModel.swift */; };
		C1CA99592A55B61400094174 /* GeometricParams.swift in Sources */ = {isa = PBXBuildFile; fileRef = C1CA99582A55B61400094174 /* GeometricParams.swift */; };
		C1CA995B2A55CBB700094174 /* StatisticsViewModel.swift in Sources */ = {isa = PBXBuildFile; fileRef = C1CA995A2A55CBB700094174 /* StatisticsViewModel.swift */; };
		C1CA995D2A55CD1B00094174 /* Observable.swift in Sources */ = {isa = PBXBuildFile; fileRef = C1CA995C2A55CD1B00094174 /* Observable.swift */; };
		C1CA995F2A55CED100094174 /* ServerUserModel.swift in Sources */ = {isa = PBXBuildFile; fileRef = C1CA995E2A55CED100094174 /* ServerUserModel.swift */; };
		C1CA99612A55D02800094174 /* StatisticsLoader.swift in Sources */ = {isa = PBXBuildFile; fileRef = C1CA99602A55D02800094174 /* StatisticsLoader.swift */; };
		C1D567572A571390005A7989 /* StatisticsRouter.swift in Sources */ = {isa = PBXBuildFile; fileRef = C1D567562A571390005A7989 /* StatisticsRouter.swift */; };
		C1D5675A2A571C4B005A7989 /* StatisticsUserProfileViewModel.swift in Sources */ = {isa = PBXBuildFile; fileRef = C1D567592A571C4B005A7989 /* StatisticsUserProfileViewModel.swift */; };
		C1D567602A57203D005A7989 /* StatisticsUserNFTCollectionViewModel.swift in Sources */ = {isa = PBXBuildFile; fileRef = C1D5675F2A57203D005A7989 /* StatisticsUserNFTCollectionViewModel.swift */; };
		C1D567622A572049005A7989 /* StatisticsUserNFTCollectionModel.swift in Sources */ = {isa = PBXBuildFile; fileRef = C1D567612A572049005A7989 /* StatisticsUserNFTCollectionModel.swift */; };
		C1D567642A5720A0005A7989 /* NFTModel.swift in Sources */ = {isa = PBXBuildFile; fileRef = C1D567632A5720A0005A7989 /* NFTModel.swift */; };
		C1D567672A572498005A7989 /* StatisticsUserProfileModel.swift in Sources */ = {isa = PBXBuildFile; fileRef = C1D567662A572498005A7989 /* StatisticsUserProfileModel.swift */; };
/* End PBXBuildFile section */

/* Begin PBXContainerItemProxy section */
		3F6806AA29CBBAF200B4F915 /* PBXContainerItemProxy */ = {
			isa = PBXContainerItemProxy;
			containerPortal = 3F68068B29CBBAF100B4F915 /* Project object */;
			proxyType = 1;
			remoteGlobalIDString = 3F68069229CBBAF100B4F915;
			remoteInfo = FakeNFT;
		};
		3F6806B429CBBAF200B4F915 /* PBXContainerItemProxy */ = {
			isa = PBXContainerItemProxy;
			containerPortal = 3F68068B29CBBAF100B4F915 /* Project object */;
			proxyType = 1;
			remoteGlobalIDString = 3F68069229CBBAF100B4F915;
			remoteInfo = FakeNFT;
		};
/* End PBXContainerItemProxy section */

/* Begin PBXFileReference section */
		32049A4D2A5B029B00FF0E65 /* CollectionNetworkModel.swift */ = {isa = PBXFileReference; lastKnownFileType = sourcecode.swift; path = CollectionNetworkModel.swift; sourceTree = "<group>"; };
		32049A572A5B185D00FF0E65 /* CollectionsCatalogViewModel.swift */ = {isa = PBXFileReference; lastKnownFileType = sourcecode.swift; path = CollectionsCatalogViewModel.swift; sourceTree = "<group>"; };
		32049A5D2A5BDEB500FF0E65 /* CatalogNFTCell.swift */ = {isa = PBXFileReference; lastKnownFileType = sourcecode.swift; path = CatalogNFTCell.swift; sourceTree = "<group>"; };
		32049A5F2A5C6ED300FF0E65 /* CollectionViewModel.swift */ = {isa = PBXFileReference; lastKnownFileType = sourcecode.swift; path = CollectionViewModel.swift; sourceTree = "<group>"; };
		32049A612A5C725800FF0E65 /* CollectionModel.swift */ = {isa = PBXFileReference; lastKnownFileType = sourcecode.swift; path = CollectionModel.swift; sourceTree = "<group>"; };
		32049A632A5C97FB00FF0E65 /* UserByIdRequest.swift */ = {isa = PBXFileReference; lastKnownFileType = sourcecode.swift; path = UserByIdRequest.swift; sourceTree = "<group>"; };
		32049A652A5C98D800FF0E65 /* UserNetworkModel.swift */ = {isa = PBXFileReference; lastKnownFileType = sourcecode.swift; path = UserNetworkModel.swift; sourceTree = "<group>"; };
		32049A672A5D6CBE00FF0E65 /* NFTRequest.swift */ = {isa = PBXFileReference; lastKnownFileType = sourcecode.swift; path = NFTRequest.swift; sourceTree = "<group>"; };
		32049A692A5D6D6D00FF0E65 /* NFTNetworkModel.swift */ = {isa = PBXFileReference; lastKnownFileType = sourcecode.swift; path = NFTNetworkModel.swift; sourceTree = "<group>"; };
		32178D1F2A5D958400390169 /* OrderRequest.swift */ = {isa = PBXFileReference; lastKnownFileType = sourcecode.swift; path = OrderRequest.swift; sourceTree = "<group>"; };
		32178D212A5D964300390169 /* OrderNetworkModel.swift */ = {isa = PBXFileReference; lastKnownFileType = sourcecode.swift; path = OrderNetworkModel.swift; sourceTree = "<group>"; };
		32178D232A5DF31700390169 /* ProfileRequest.swift */ = {isa = PBXFileReference; lastKnownFileType = sourcecode.swift; path = ProfileRequest.swift; sourceTree = "<group>"; };
		32178D252A5DF35E00390169 /* ProfileNetworkModel.swift */ = {isa = PBXFileReference; lastKnownFileType = sourcecode.swift; path = ProfileNetworkModel.swift; sourceTree = "<group>"; };
		32556F3C2A617DA600EBBB07 /* WebViewView.swift */ = {isa = PBXFileReference; lastKnownFileType = sourcecode.swift; path = WebViewView.swift; sourceTree = "<group>"; };
		325684C72A515D90000AC9E3 /* ProfileViewController.swift */ = {isa = PBXFileReference; lastKnownFileType = sourcecode.swift; path = ProfileViewController.swift; sourceTree = "<group>"; };
		325684C92A515DA5000AC9E3 /* StatisticsViewController.swift */ = {isa = PBXFileReference; lastKnownFileType = sourcecode.swift; path = StatisticsViewController.swift; sourceTree = "<group>"; };
		325684CB2A515DB9000AC9E3 /* CartViewController.swift */ = {isa = PBXFileReference; lastKnownFileType = sourcecode.swift; path = CartViewController.swift; sourceTree = "<group>"; };
		325684CD2A515DCD000AC9E3 /* TabBarController.swift */ = {isa = PBXFileReference; lastKnownFileType = sourcecode.swift; path = TabBarController.swift; sourceTree = "<group>"; };
		325684CF2A515DDF000AC9E3 /* CollectionsCatalogView.swift */ = {isa = PBXFileReference; lastKnownFileType = sourcecode.swift; path = CollectionsCatalogView.swift; sourceTree = "<group>"; };
		325684D72A519BF8000AC9E3 /* CatalogTableViewCell.swift */ = {isa = PBXFileReference; lastKnownFileType = sourcecode.swift; path = CatalogTableViewCell.swift; sourceTree = "<group>"; };
		325684DB2A519D81000AC9E3 /* NFTCollectionView.swift */ = {isa = PBXFileReference; lastKnownFileType = sourcecode.swift; path = NFTCollectionView.swift; sourceTree = "<group>"; };
		325684DD2A519DA1000AC9E3 /* ImageCollectionCell.swift */ = {isa = PBXFileReference; lastKnownFileType = sourcecode.swift; path = ImageCollectionCell.swift; sourceTree = "<group>"; };
		325684DF2A519DC6000AC9E3 /* DescriptionCollectionCell.swift */ = {isa = PBXFileReference; lastKnownFileType = sourcecode.swift; path = DescriptionCollectionCell.swift; sourceTree = "<group>"; };
		325684E12A5AFE64000AC9E3 /* CollectionsRequest.swift */ = {isa = PBXFileReference; lastKnownFileType = sourcecode.swift; path = CollectionsRequest.swift; sourceTree = "<group>"; };
		3299B5D82A63FF9900C704C4 /* ProfileUpdateRequest.swift */ = {isa = PBXFileReference; lastKnownFileType = sourcecode.swift; path = ProfileUpdateRequest.swift; sourceTree = "<group>"; };
		3299B5DA2A63FFB000C704C4 /* OrderUpdateRequest.swift */ = {isa = PBXFileReference; lastKnownFileType = sourcecode.swift; path = OrderUpdateRequest.swift; sourceTree = "<group>"; };
		32DA95AD2A6A68DF001CD19B /* SortManager.swift */ = {isa = PBXFileReference; lastKnownFileType = sourcecode.swift; path = SortManager.swift; sourceTree = "<group>"; };
		32DA95B42A6AA5F0001CD19B /* ru */ = {isa = PBXFileReference; lastKnownFileType = text.plist.strings; name = ru; path = ru.lproj/LaunchScreen.strings; sourceTree = "<group>"; };
		3F478ECE29DB474E00F6D39E /* Colors.swift */ = {isa = PBXFileReference; lastKnownFileType = sourcecode.swift; path = Colors.swift; sourceTree = "<group>"; };
		3F478ED029DB476500F6D39E /* Fonts.swift */ = {isa = PBXFileReference; lastKnownFileType = sourcecode.swift; path = Fonts.swift; sourceTree = "<group>"; };
		3F68069329CBBAF100B4F915 /* FakeNFT.app */ = {isa = PBXFileReference; explicitFileType = wrapper.application; includeInIndex = 0; path = FakeNFT.app; sourceTree = BUILT_PRODUCTS_DIR; };
		3F68069629CBBAF100B4F915 /* AppDelegate.swift */ = {isa = PBXFileReference; lastKnownFileType = sourcecode.swift; path = AppDelegate.swift; sourceTree = "<group>"; };
		3F68069829CBBAF100B4F915 /* SceneDelegate.swift */ = {isa = PBXFileReference; lastKnownFileType = sourcecode.swift; path = SceneDelegate.swift; sourceTree = "<group>"; };
		3F68069A29CBBAF100B4F915 /* ProductDetailsTableViewController.swift */ = {isa = PBXFileReference; lastKnownFileType = sourcecode.swift; path = ProductDetailsTableViewController.swift; sourceTree = "<group>"; };
		3F68069F29CBBAF200B4F915 /* Assets.xcassets */ = {isa = PBXFileReference; lastKnownFileType = folder.assetcatalog; path = Assets.xcassets; sourceTree = "<group>"; };
		3F6806A229CBBAF200B4F915 /* Base */ = {isa = PBXFileReference; lastKnownFileType = file.storyboard; name = Base; path = Base.lproj/LaunchScreen.storyboard; sourceTree = "<group>"; };
		3F6806A429CBBAF200B4F915 /* Info.plist */ = {isa = PBXFileReference; lastKnownFileType = text.plist.xml; path = Info.plist; sourceTree = "<group>"; };
		3F6806A929CBBAF200B4F915 /* FakeNFTTests.xctest */ = {isa = PBXFileReference; explicitFileType = wrapper.cfbundle; includeInIndex = 0; path = FakeNFTTests.xctest; sourceTree = BUILT_PRODUCTS_DIR; };
		3F6806AD29CBBAF200B4F915 /* ExampleUnitTests.swift */ = {isa = PBXFileReference; lastKnownFileType = sourcecode.swift; path = ExampleUnitTests.swift; sourceTree = "<group>"; };
		3F6806B329CBBAF200B4F915 /* FakeNFTUITests.xctest */ = {isa = PBXFileReference; explicitFileType = wrapper.cfbundle; includeInIndex = 0; path = FakeNFTUITests.xctest; sourceTree = BUILT_PRODUCTS_DIR; };
		3F6806B729CBBAF200B4F915 /* FakeNFTUITests.swift */ = {isa = PBXFileReference; lastKnownFileType = sourcecode.swift; path = FakeNFTUITests.swift; sourceTree = "<group>"; };
		3F6806CA29CBBCC700B4F915 /* ExampleNetworkModel.swift */ = {isa = PBXFileReference; lastKnownFileType = sourcecode.swift; path = ExampleNetworkModel.swift; sourceTree = "<group>"; };
		3F6806D029CBBE6B00B4F915 /* NetworkClient.swift */ = {isa = PBXFileReference; lastKnownFileType = sourcecode.swift; path = NetworkClient.swift; sourceTree = "<group>"; };
		3F6806D229CBBE9600B4F915 /* NetworkRequest.swift */ = {isa = PBXFileReference; lastKnownFileType = sourcecode.swift; path = NetworkRequest.swift; sourceTree = "<group>"; };
		3F6806D429CBBEC700B4F915 /* NetworkTask.swift */ = {isa = PBXFileReference; lastKnownFileType = sourcecode.swift; path = NetworkTask.swift; sourceTree = "<group>"; };
		3F6806D629CBC50A00B4F915 /* CellsReusingUtils.swift */ = {isa = PBXFileReference; lastKnownFileType = sourcecode.swift; path = CellsReusingUtils.swift; sourceTree = "<group>"; };
		3FC8C38A29D242E90081F015 /* ProductDetailsTableViewCell.swift */ = {isa = PBXFileReference; lastKnownFileType = sourcecode.swift; path = ProductDetailsTableViewCell.swift; sourceTree = "<group>"; };
		3FC8C39029D2453B0081F015 /* ExampleRequest.swift */ = {isa = PBXFileReference; lastKnownFileType = sourcecode.swift; path = ExampleRequest.swift; sourceTree = "<group>"; };
		3FC8C39229D246BA0081F015 /* DateFormatters+Presets.swift */ = {isa = PBXFileReference; lastKnownFileType = sourcecode.swift; path = "DateFormatters+Presets.swift"; sourceTree = "<group>"; };
		ED6A6E222A616D3000FDDB07 /* CartContentLoader.swift */ = {isa = PBXFileReference; lastKnownFileType = sourcecode.swift; path = CartContentLoader.swift; sourceTree = "<group>"; };
		ED6A6E242A6171DB00FDDB07 /* NFTServerModel.swift */ = {isa = PBXFileReference; lastKnownFileType = sourcecode.swift; path = NFTServerModel.swift; sourceTree = "<group>"; };
		ED6A6E282A6173E500FDDB07 /* NFTModel.swift */ = {isa = PBXFileReference; lastKnownFileType = sourcecode.swift; path = NFTModel.swift; sourceTree = "<group>"; };
		ED6A6E2B2A61756300FDDB07 /* Observable.swift */ = {isa = PBXFileReference; lastKnownFileType = sourcecode.swift; path = Observable.swift; sourceTree = "<group>"; };
		ED6A6E2E2A6175B500FDDB07 /* CartViewModel.swift */ = {isa = PBXFileReference; lastKnownFileType = sourcecode.swift; path = CartViewModel.swift; sourceTree = "<group>"; };
		EDB0A0B02A51ECC90019D61F /* NFTStruct.swift */ = {isa = PBXFileReference; lastKnownFileType = sourcecode.swift; path = NFTStruct.swift; sourceTree = "<group>"; };
		EDB0A0B22A51EDC00019D61F /* MockCartData.swift */ = {isa = PBXFileReference; lastKnownFileType = sourcecode.swift; path = MockCartData.swift; sourceTree = "<group>"; };
		EDB0A0B42A51EDE70019D61F /* NFTCell.swift */ = {isa = PBXFileReference; lastKnownFileType = sourcecode.swift; path = NFTCell.swift; sourceTree = "<group>"; };
		EDB0A0B62A54481B0019D61F /* CryptoCurrencyViewController.swift */ = {isa = PBXFileReference; lastKnownFileType = sourcecode.swift; path = CryptoCurrencyViewController.swift; sourceTree = "<group>"; };
		EDB0A0B82A544ED50019D61F /* PaymentCell.swift */ = {isa = PBXFileReference; lastKnownFileType = sourcecode.swift; path = PaymentCell.swift; sourceTree = "<group>"; };
		EDB0A0BA2A548CC20019D61F /* PurchaseResultViewController.swift */ = {isa = PBXFileReference; lastKnownFileType = sourcecode.swift; path = PurchaseResultViewController.swift; sourceTree = "<group>"; };
		EDC537F92A68127900D514E5 /* WebKit.swift */ = {isa = PBXFileReference; lastKnownFileType = sourcecode.swift; path = WebKit.swift; sourceTree = "<group>"; };
		EDF96FED2A61907300D2B9A3 /* CartServerModel.swift */ = {isa = PBXFileReference; lastKnownFileType = sourcecode.swift; path = CartServerModel.swift; sourceTree = "<group>"; };
		C1B3D5B52A606A70005D499B /* UserModel.swift */ = {isa = PBXFileReference; lastKnownFileType = sourcecode.swift; path = UserModel.swift; sourceTree = "<group>"; };
		C1C0548C2A546FCE001980B9 /* StatisticsUserProfileViewController.swift */ = {isa = PBXFileReference; lastKnownFileType = sourcecode.swift; path = StatisticsUserProfileViewController.swift; sourceTree = "<group>"; };
		C1C054932A548F83001980B9 /* UIView+Layout.swift */ = {isa = PBXFileReference; lastKnownFileType = sourcecode.swift; path = "UIView+Layout.swift"; sourceTree = "<group>"; };
		C1C478B42A531D7400CDDD91 /* StatisticsTableViewCell.swift */ = {isa = PBXFileReference; lastKnownFileType = sourcecode.swift; path = StatisticsTableViewCell.swift; sourceTree = "<group>"; };
		C1C478B62A531F1400CDDD91 /* StatisticsTableViewCellModel.swift */ = {isa = PBXFileReference; lastKnownFileType = sourcecode.swift; path = StatisticsTableViewCellModel.swift; sourceTree = "<group>"; };
		C1C478B82A532FC800CDDD91 /* ProfileCellView.swift */ = {isa = PBXFileReference; lastKnownFileType = sourcecode.swift; path = ProfileCellView.swift; sourceTree = "<group>"; };
		C1CA994E2A55A13000094174 /* StatisticsUserNFTCollectionViewController.swift */ = {isa = PBXFileReference; lastKnownFileType = sourcecode.swift; path = StatisticsUserNFTCollectionViewController.swift; sourceTree = "<group>"; };
		C1CA99542A55A70700094174 /* StatisticsUserNFTCollectionViewCell.swift */ = {isa = PBXFileReference; lastKnownFileType = sourcecode.swift; path = StatisticsUserNFTCollectionViewCell.swift; sourceTree = "<group>"; };
		C1CA99562A55A72F00094174 /* StatisticsUserNFTCollectionCellModel.swift */ = {isa = PBXFileReference; lastKnownFileType = sourcecode.swift; path = StatisticsUserNFTCollectionCellModel.swift; sourceTree = "<group>"; };
		C1CA99582A55B61400094174 /* GeometricParams.swift */ = {isa = PBXFileReference; lastKnownFileType = sourcecode.swift; path = GeometricParams.swift; sourceTree = "<group>"; };
		C1CA995A2A55CBB700094174 /* StatisticsViewModel.swift */ = {isa = PBXFileReference; lastKnownFileType = sourcecode.swift; path = StatisticsViewModel.swift; sourceTree = "<group>"; };
		C1CA995C2A55CD1B00094174 /* Observable.swift */ = {isa = PBXFileReference; lastKnownFileType = sourcecode.swift; path = Observable.swift; sourceTree = "<group>"; };
		C1CA995E2A55CED100094174 /* ServerUserModel.swift */ = {isa = PBXFileReference; lastKnownFileType = sourcecode.swift; path = ServerUserModel.swift; sourceTree = "<group>"; };
		C1CA99602A55D02800094174 /* StatisticsLoader.swift */ = {isa = PBXFileReference; lastKnownFileType = sourcecode.swift; path = StatisticsLoader.swift; sourceTree = "<group>"; };
		C1D567562A571390005A7989 /* StatisticsRouter.swift */ = {isa = PBXFileReference; lastKnownFileType = sourcecode.swift; path = StatisticsRouter.swift; sourceTree = "<group>"; };
		C1D567592A571C4B005A7989 /* StatisticsUserProfileViewModel.swift */ = {isa = PBXFileReference; lastKnownFileType = sourcecode.swift; path = StatisticsUserProfileViewModel.swift; sourceTree = "<group>"; };
		C1D5675F2A57203D005A7989 /* StatisticsUserNFTCollectionViewModel.swift */ = {isa = PBXFileReference; lastKnownFileType = sourcecode.swift; path = StatisticsUserNFTCollectionViewModel.swift; sourceTree = "<group>"; };
		C1D567612A572049005A7989 /* StatisticsUserNFTCollectionModel.swift */ = {isa = PBXFileReference; lastKnownFileType = sourcecode.swift; path = StatisticsUserNFTCollectionModel.swift; sourceTree = "<group>"; };
		C1D567632A5720A0005A7989 /* NFTModel.swift */ = {isa = PBXFileReference; lastKnownFileType = sourcecode.swift; path = NFTModel.swift; sourceTree = "<group>"; };
		C1D567662A572498005A7989 /* StatisticsUserProfileModel.swift */ = {isa = PBXFileReference; lastKnownFileType = sourcecode.swift; path = StatisticsUserProfileModel.swift; sourceTree = "<group>"; };
/* End PBXFileReference section */

/* Begin PBXFrameworksBuildPhase section */
		3F68069029CBBAF100B4F915 /* Frameworks */ = {
			isa = PBXFrameworksBuildPhase;
			buildActionMask = 2147483647;
			files = (
				3F603CD029DB4A74000C43D7 /* Kingfisher in Frameworks */,
				3F603CCD29DB4A53000C43D7 /* ProgressHUD in Frameworks */,
			);
			runOnlyForDeploymentPostprocessing = 0;
		};
		3F6806A629CBBAF200B4F915 /* Frameworks */ = {
			isa = PBXFrameworksBuildPhase;
			buildActionMask = 2147483647;
			files = (
			);
			runOnlyForDeploymentPostprocessing = 0;
		};
		3F6806B029CBBAF200B4F915 /* Frameworks */ = {
			isa = PBXFrameworksBuildPhase;
			buildActionMask = 2147483647;
			files = (
			);
			runOnlyForDeploymentPostprocessing = 0;
		};
/* End PBXFrameworksBuildPhase section */

/* Begin PBXGroup section */
		32049A502A5B17EA00FF0E65 /* View */ = {
			isa = PBXGroup;
			children = (
				325684CF2A515DDF000AC9E3 /* CollectionsCatalogView.swift */,
				325684D72A519BF8000AC9E3 /* CatalogTableViewCell.swift */,
			);
			path = View;
			sourceTree = "<group>";
		};
		32049A512A5B17F100FF0E65 /* ViewModel */ = {
			isa = PBXGroup;
			children = (
				32049A572A5B185D00FF0E65 /* CollectionsCatalogViewModel.swift */,
			);
			path = ViewModel;
			sourceTree = "<group>";
		};
		32049A522A5B17FA00FF0E65 /* Model */ = {
			isa = PBXGroup;
			children = (
				32049A612A5C725800FF0E65 /* CollectionModel.swift */,
			);
			path = Model;
			sourceTree = "<group>";
		};
		32049A532A5B180000FF0E65 /* View */ = {
			isa = PBXGroup;
			children = (
				325684DB2A519D81000AC9E3 /* NFTCollectionView.swift */,
				325684DD2A519DA1000AC9E3 /* ImageCollectionCell.swift */,
				325684DF2A519DC6000AC9E3 /* DescriptionCollectionCell.swift */,
				32049A5D2A5BDEB500FF0E65 /* CatalogNFTCell.swift */,
				32556F3C2A617DA600EBBB07 /* WebViewView.swift */,
			);
			path = View;
			sourceTree = "<group>";
		};
		32049A542A5B180600FF0E65 /* ViewModel */ = {
			isa = PBXGroup;
			children = (
				32049A5F2A5C6ED300FF0E65 /* CollectionViewModel.swift */,
			);
			path = ViewModel;
			sourceTree = "<group>";
		};
		325684C22A515C57000AC9E3 /* Catalog */ = {
			isa = PBXGroup;
			children = (
				325684DA2A519D6A000AC9E3 /* Collection */,
				325684D92A519D58000AC9E3 /* CollectionsCatalog */,
			);
			path = Catalog;
			sourceTree = "<group>";
		};
		325684C32A515CEB000AC9E3 /* TabBar */ = {
			isa = PBXGroup;
			children = (
				325684CD2A515DCD000AC9E3 /* TabBarController.swift */,
			);
			path = TabBar;
			sourceTree = "<group>";
		};
		325684C42A515CFC000AC9E3 /* Cart */ = {
			isa = PBXGroup;
			children = (
				ED6A6E302A61796A00FDDB07 /* View */,
				ED6A6E2A2A6173EC00FDDB07 /* ViewModel */,
				ED6A6E262A61723600FDDB07 /* Model */,
			);
			path = Cart;
			sourceTree = "<group>";
		};
		325684C52A515D03000AC9E3 /* StatisticsTab */ = {
			isa = PBXGroup;
			children = (
				C1CA99522A55A27300094174 /* StatisticsScreen */,
				C1C0548B2A546FB2001980B9 /* StatisticsUserProfileScreen */,
				C1CA994D2A55A0FC00094174 /* StatisticsUserNFTCollectionScreen */,
				C1CA99582A55B61400094174 /* GeometricParams.swift */,
				C1D567562A571390005A7989 /* StatisticsRouter.swift */,
			);
			path = StatisticsTab;
			sourceTree = "<group>";
		};
		325684C62A515D0F000AC9E3 /* Profile */ = {
			isa = PBXGroup;
			children = (
				325684C72A515D90000AC9E3 /* ProfileViewController.swift */,
			);
			path = Profile;
			sourceTree = "<group>";
		};
		325684D92A519D58000AC9E3 /* CollectionsCatalog */ = {
			isa = PBXGroup;
			children = (
				32DA95AD2A6A68DF001CD19B /* SortManager.swift */,
				32049A512A5B17F100FF0E65 /* ViewModel */,
				32049A502A5B17EA00FF0E65 /* View */,
			);
			path = CollectionsCatalog;
			sourceTree = "<group>";
		};
		325684DA2A519D6A000AC9E3 /* Collection */ = {
			isa = PBXGroup;
			children = (
				32049A542A5B180600FF0E65 /* ViewModel */,
				32049A532A5B180000FF0E65 /* View */,
				32049A522A5B17FA00FF0E65 /* Model */,
			);
			path = Collection;
			sourceTree = "<group>";
		};
		3F478ECD29DB473000F6D39E /* DesignSystem */ = {
			isa = PBXGroup;
			children = (
				3F478ECE29DB474E00F6D39E /* Colors.swift */,
				3F478ED029DB476500F6D39E /* Fonts.swift */,
			);
			path = DesignSystem;
			sourceTree = "<group>";
		};
		3F68068A29CBBAF100B4F915 = {
			isa = PBXGroup;
			children = (
				3F68069529CBBAF100B4F915 /* FakeNFT */,
				3F6806AC29CBBAF200B4F915 /* FakeNFTTests */,
				3F6806B629CBBAF200B4F915 /* FakeNFTUITests */,
				3F68069429CBBAF100B4F915 /* Products */,
			);
			sourceTree = "<group>";
		};
		3F68069429CBBAF100B4F915 /* Products */ = {
			isa = PBXGroup;
			children = (
				3F68069329CBBAF100B4F915 /* FakeNFT.app */,
				3F6806A929CBBAF200B4F915 /* FakeNFTTests.xctest */,
				3F6806B329CBBAF200B4F915 /* FakeNFTUITests.xctest */,
			);
			name = Products;
			sourceTree = "<group>";
		};
		3F68069529CBBAF100B4F915 /* FakeNFT */ = {
			isa = PBXGroup;
			children = (
				C1C054922A548F67001980B9 /* Extentions */,
				3F68069629CBBAF100B4F915 /* AppDelegate.swift */,
				3F68069829CBBAF100B4F915 /* SceneDelegate.swift */,
				ED6A6E2D2A61756C00FDDB07 /* Extentions */,
				3F478ECD29DB473000F6D39E /* DesignSystem */,
				3F6806CE29CBBD1B00B4F915 /* Foundation */,
				3F6806C929CBBCAF00B4F915 /* Models */,
				3F6806C729CBBC5B00B4F915 /* Scenes  */,
				3F6806C629CBBC4E00B4F915 /* Services */,
				3F68069F29CBBAF200B4F915 /* Assets.xcassets */,
				3F6806A129CBBAF200B4F915 /* LaunchScreen.storyboard */,
				3F6806A429CBBAF200B4F915 /* Info.plist */,
			);
			path = FakeNFT;
			sourceTree = "<group>";
		};
		3F6806AC29CBBAF200B4F915 /* FakeNFTTests */ = {
			isa = PBXGroup;
			children = (
				3F6806AD29CBBAF200B4F915 /* ExampleUnitTests.swift */,
			);
			path = FakeNFTTests;
			sourceTree = "<group>";
		};
		3F6806B629CBBAF200B4F915 /* FakeNFTUITests */ = {
			isa = PBXGroup;
			children = (
				3F6806B729CBBAF200B4F915 /* FakeNFTUITests.swift */,
			);
			path = FakeNFTUITests;
			sourceTree = "<group>";
		};
		3F6806C629CBBC4E00B4F915 /* Services */ = {
			isa = PBXGroup;
			children = (
				3FC8C38F29D245250081F015 /* Requests */,
			);
			path = Services;
			sourceTree = "<group>";
		};
		3F6806C729CBBC5B00B4F915 /* Scenes  */ = {
			isa = PBXGroup;
			children = (
				325684C32A515CEB000AC9E3 /* TabBar */,
				325684C62A515D0F000AC9E3 /* Profile */,
				325684C52A515D03000AC9E3 /* StatisticsTab */,
				325684C42A515CFC000AC9E3 /* Cart */,
				ED6A6E272A61725400FDDB07 /* Data */,
				325684C22A515C57000AC9E3 /* Catalog */,
				3F6806C829CBBC8100B4F915 /* ProductDetails */,
			);
			path = "Scenes ";
			sourceTree = "<group>";
		};
		3F6806C829CBBC8100B4F915 /* ProductDetails */ = {
			isa = PBXGroup;
			children = (
				3F68069A29CBBAF100B4F915 /* ProductDetailsTableViewController.swift */,
				3FC8C38A29D242E90081F015 /* ProductDetailsTableViewCell.swift */,
			);
			path = ProductDetails;
			sourceTree = "<group>";
		};
		3F6806C929CBBCAF00B4F915 /* Models */ = {
			isa = PBXGroup;
			children = (
				3F6806D829CC979D00B4F915 /* Network */,
			);
			path = Models;
			sourceTree = "<group>";
		};
		3F6806CE29CBBD1B00B4F915 /* Foundation */ = {
			isa = PBXGroup;
			children = (
				3F6806CF29CBBDB100B4F915 /* NetworkClient */,
				3F6806D629CBC50A00B4F915 /* CellsReusingUtils.swift */,
				3FC8C39229D246BA0081F015 /* DateFormatters+Presets.swift */,
			);
			path = Foundation;
			sourceTree = "<group>";
		};
		3F6806CF29CBBDB100B4F915 /* NetworkClient */ = {
			isa = PBXGroup;
			children = (
				3F6806D029CBBE6B00B4F915 /* NetworkClient.swift */,
				3F6806D229CBBE9600B4F915 /* NetworkRequest.swift */,
				3F6806D429CBBEC700B4F915 /* NetworkTask.swift */,
			);
			path = NetworkClient;
			sourceTree = "<group>";
		};
		3F6806D829CC979D00B4F915 /* Network */ = {
			isa = PBXGroup;
			children = (
				3F6806CA29CBBCC700B4F915 /* ExampleNetworkModel.swift */,
				32049A4D2A5B029B00FF0E65 /* CollectionNetworkModel.swift */,
				32049A652A5C98D800FF0E65 /* UserNetworkModel.swift */,
				32049A692A5D6D6D00FF0E65 /* NFTNetworkModel.swift */,
				32178D212A5D964300390169 /* OrderNetworkModel.swift */,
				32178D252A5DF35E00390169 /* ProfileNetworkModel.swift */,
			);
			path = Network;
			sourceTree = "<group>";
		};
		3FC8C38F29D245250081F015 /* Requests */ = {
			isa = PBXGroup;
			children = (
				3FC8C39029D2453B0081F015 /* ExampleRequest.swift */,
				325684E12A5AFE64000AC9E3 /* CollectionsRequest.swift */,
				32049A632A5C97FB00FF0E65 /* UserByIdRequest.swift */,
				32049A672A5D6CBE00FF0E65 /* NFTRequest.swift */,
				32178D1F2A5D958400390169 /* OrderRequest.swift */,
				32178D232A5DF31700390169 /* ProfileRequest.swift */,
				3299B5D82A63FF9900C704C4 /* ProfileUpdateRequest.swift */,
				3299B5DA2A63FFB000C704C4 /* OrderUpdateRequest.swift */,
			);
			path = Requests;
			sourceTree = "<group>";
		};
		ED6A6E262A61723600FDDB07 /* Model */ = {
			isa = PBXGroup;
			children = (
				ED6A6E242A6171DB00FDDB07 /* NFTServerModel.swift */,
				EDF96FED2A61907300D2B9A3 /* CartServerModel.swift */,
				ED6A6E222A616D3000FDDB07 /* CartContentLoader.swift */,
				EDC537F92A68127900D514E5 /* WebKit.swift */,
			);
			path = Model;
			sourceTree = "<group>";
		};
		ED6A6E272A61725400FDDB07 /* Data */ = {
			isa = PBXGroup;
			children = (
				EDB0A0B02A51ECC90019D61F /* NFTStruct.swift */,
				EDB0A0B22A51EDC00019D61F /* MockCartData.swift */,
			);
			path = Data;
			sourceTree = "<group>";
		};
		ED6A6E2A2A6173EC00FDDB07 /* ViewModel */ = {
			isa = PBXGroup;
			children = (
				ED6A6E282A6173E500FDDB07 /* NFTModel.swift */,
				ED6A6E2E2A6175B500FDDB07 /* CartViewModel.swift */,
			);
			path = ViewModel;
			sourceTree = "<group>";
		};
		ED6A6E2D2A61756C00FDDB07 /* Extentions */ = {
			isa = PBXGroup;
			children = (
				ED6A6E2B2A61756300FDDB07 /* Observable.swift */,
			);
			path = Extentions;
			sourceTree = "<group>";
		};
		ED6A6E302A61796A00FDDB07 /* View */ = {
			isa = PBXGroup;
			children = (
				EDB0A0BC2A548D230019D61F /* VC */,
				EDB0A0BD2A548D3C0019D61F /* Cell */,
			);
			path = View;
			sourceTree = "<group>";
		};
		EDB0A0BC2A548D230019D61F /* VC */ = {
			isa = PBXGroup;
			children = (
				325684CB2A515DB9000AC9E3 /* CartViewController.swift */,
				EDB0A0B62A54481B0019D61F /* CryptoCurrencyViewController.swift */,
				EDB0A0BA2A548CC20019D61F /* PurchaseResultViewController.swift */,
			);
			path = VC;
			sourceTree = "<group>";
		};
		EDB0A0BD2A548D3C0019D61F /* Cell */ = {
			isa = PBXGroup;
			children = (
				EDB0A0B42A51EDE70019D61F /* NFTCell.swift */,
				EDB0A0B82A544ED50019D61F /* PaymentCell.swift */,
			);
			path = Cell;
			sourceTree = "<group>";
		};
		C1C0548A2A546F91001980B9 /* StatisticsTableView */ = {
			isa = PBXGroup;
			children = (
				C1C478B42A531D7400CDDD91 /* StatisticsTableViewCell.swift */,
				C1C478B82A532FC800CDDD91 /* ProfileCellView.swift */,
				C1C478B62A531F1400CDDD91 /* StatisticsTableViewCellModel.swift */,
			);
			path = StatisticsTableView;
			sourceTree = "<group>";
		};
		C1C0548B2A546FB2001980B9 /* StatisticsUserProfileScreen */ = {
			isa = PBXGroup;
			children = (
				C1D567582A571C22005A7989 /* View */,
				C1D5675B2A571C4E005A7989 /* ViewModel */,
				C1D567652A572487005A7989 /* Model */,
			);
			path = StatisticsUserProfileScreen;
			sourceTree = "<group>";
		};
		C1C054922A548F67001980B9 /* Extentions */ = {
			isa = PBXGroup;
			children = (
				C1C054932A548F83001980B9 /* UIView+Layout.swift */,
				C1CA995C2A55CD1B00094174 /* Observable.swift */,
			);
			path = Extentions;
			sourceTree = "<group>";
		};
		C1CA994D2A55A0FC00094174 /* StatisticsUserNFTCollectionScreen */ = {
			isa = PBXGroup;
			children = (
				C1D5675C2A571FF1005A7989 /* View */,
				C1D5675D2A571FFB005A7989 /* ViewModel */,
				C1D5675E2A572003005A7989 /* Model */,
			);
			path = StatisticsUserNFTCollectionScreen;
			sourceTree = "<group>";
		};
		C1CA99502A55A22500094174 /* View */ = {
			isa = PBXGroup;
			children = (
				325684C92A515DA5000AC9E3 /* StatisticsViewController.swift */,
				C1C0548A2A546F91001980B9 /* StatisticsTableView */,
			);
			path = View;
			sourceTree = "<group>";
		};
		C1CA99512A55A23B00094174 /* ViewModel */ = {
			isa = PBXGroup;
			children = (
				C1CA995A2A55CBB700094174 /* StatisticsViewModel.swift */,
				C1B3D5B52A606A70005D499B /* UserModel.swift */,
			);
			path = ViewModel;
			sourceTree = "<group>";
		};
		C1CA99522A55A27300094174 /* StatisticsScreen */ = {
			isa = PBXGroup;
			children = (
				C1CA99502A55A22500094174 /* View */,
				C1CA99512A55A23B00094174 /* ViewModel */,
				C1CA99532A55A39500094174 /* Model */,
			);
			path = StatisticsScreen;
			sourceTree = "<group>";
		};
		C1CA99532A55A39500094174 /* Model */ = {
			isa = PBXGroup;
			children = (
				C1CA995E2A55CED100094174 /* ServerUserModel.swift */,
				C1CA99602A55D02800094174 /* StatisticsLoader.swift */,
			);
			path = Model;
			sourceTree = "<group>";
		};
		C1D567582A571C22005A7989 /* View */ = {
			isa = PBXGroup;
			children = (
				C1C0548C2A546FCE001980B9 /* StatisticsUserProfileViewController.swift */,
			);
			path = View;
			sourceTree = "<group>";
		};
		C1D5675B2A571C4E005A7989 /* ViewModel */ = {
			isa = PBXGroup;
			children = (
				C1D567592A571C4B005A7989 /* StatisticsUserProfileViewModel.swift */,
			);
			path = ViewModel;
			sourceTree = "<group>";
		};
		C1D5675C2A571FF1005A7989 /* View */ = {
			isa = PBXGroup;
			children = (
				C1CA994E2A55A13000094174 /* StatisticsUserNFTCollectionViewController.swift */,
				C1CA99542A55A70700094174 /* StatisticsUserNFTCollectionViewCell.swift */,
				C1CA99562A55A72F00094174 /* StatisticsUserNFTCollectionCellModel.swift */,
			);
			path = View;
			sourceTree = "<group>";
		};
		C1D5675D2A571FFB005A7989 /* ViewModel */ = {
			isa = PBXGroup;
			children = (
				C1D5675F2A57203D005A7989 /* StatisticsUserNFTCollectionViewModel.swift */,
			);
			path = ViewModel;
			sourceTree = "<group>";
		};
		C1D5675E2A572003005A7989 /* Model */ = {
			isa = PBXGroup;
			children = (
				C1D567632A5720A0005A7989 /* NFTModel.swift */,
				C1D567612A572049005A7989 /* StatisticsUserNFTCollectionModel.swift */,
			);
			path = Model;
			sourceTree = "<group>";
		};
		C1D567652A572487005A7989 /* Model */ = {
			isa = PBXGroup;
			children = (
				C1D567662A572498005A7989 /* StatisticsUserProfileModel.swift */,
			);
			path = Model;
			sourceTree = "<group>";
		};
/* End PBXGroup section */

/* Begin PBXNativeTarget section */
		3F68069229CBBAF100B4F915 /* FakeNFT */ = {
			isa = PBXNativeTarget;
			buildConfigurationList = 3F6806BD29CBBAF200B4F915 /* Build configuration list for PBXNativeTarget "FakeNFT" */;
			buildPhases = (
				3FC8C39529D24CDB0081F015 /* Swiftlint */,
				3F68068F29CBBAF100B4F915 /* Sources */,
				3F68069029CBBAF100B4F915 /* Frameworks */,
				3F68069129CBBAF100B4F915 /* Resources */,
			);
			buildRules = (
			);
			dependencies = (
			);
			name = FakeNFT;
			packageProductDependencies = (
				3F603CCC29DB4A53000C43D7 /* ProgressHUD */,
				3F603CCF29DB4A74000C43D7 /* Kingfisher */,
			);
			productName = FakeNFT;
			productReference = 3F68069329CBBAF100B4F915 /* FakeNFT.app */;
			productType = "com.apple.product-type.application";
		};
		3F6806A829CBBAF200B4F915 /* FakeNFTTests */ = {
			isa = PBXNativeTarget;
			buildConfigurationList = 3F6806C029CBBAF200B4F915 /* Build configuration list for PBXNativeTarget "FakeNFTTests" */;
			buildPhases = (
				3F6806A529CBBAF200B4F915 /* Sources */,
				3F6806A629CBBAF200B4F915 /* Frameworks */,
				3F6806A729CBBAF200B4F915 /* Resources */,
			);
			buildRules = (
			);
			dependencies = (
				3F6806AB29CBBAF200B4F915 /* PBXTargetDependency */,
			);
			name = FakeNFTTests;
			productName = FakeNFTTests;
			productReference = 3F6806A929CBBAF200B4F915 /* FakeNFTTests.xctest */;
			productType = "com.apple.product-type.bundle.unit-test";
		};
		3F6806B229CBBAF200B4F915 /* FakeNFTUITests */ = {
			isa = PBXNativeTarget;
			buildConfigurationList = 3F6806C329CBBAF200B4F915 /* Build configuration list for PBXNativeTarget "FakeNFTUITests" */;
			buildPhases = (
				3F6806AF29CBBAF200B4F915 /* Sources */,
				3F6806B029CBBAF200B4F915 /* Frameworks */,
				3F6806B129CBBAF200B4F915 /* Resources */,
			);
			buildRules = (
			);
			dependencies = (
				3F6806B529CBBAF200B4F915 /* PBXTargetDependency */,
			);
			name = FakeNFTUITests;
			productName = FakeNFTUITests;
			productReference = 3F6806B329CBBAF200B4F915 /* FakeNFTUITests.xctest */;
			productType = "com.apple.product-type.bundle.ui-testing";
		};
/* End PBXNativeTarget section */

/* Begin PBXProject section */
		3F68068B29CBBAF100B4F915 /* Project object */ = {
			isa = PBXProject;
			attributes = {
				BuildIndependentTargetsInParallel = 1;
				LastSwiftUpdateCheck = 1420;
				LastUpgradeCheck = 1420;
				TargetAttributes = {
					3F68069229CBBAF100B4F915 = {
						CreatedOnToolsVersion = 14.2;
					};
					3F6806A829CBBAF200B4F915 = {
						CreatedOnToolsVersion = 14.2;
						TestTargetID = 3F68069229CBBAF100B4F915;
					};
					3F6806B229CBBAF200B4F915 = {
						CreatedOnToolsVersion = 14.2;
						TestTargetID = 3F68069229CBBAF100B4F915;
					};
				};
			};
			buildConfigurationList = 3F68068E29CBBAF100B4F915 /* Build configuration list for PBXProject "FakeNFT" */;
			compatibilityVersion = "Xcode 14.0";
			developmentRegion = en;
			hasScannedForEncodings = 0;
			knownRegions = (
				en,
				Base,
				ru,
			);
			mainGroup = 3F68068A29CBBAF100B4F915;
			packageReferences = (
				3F603CCB29DB4A53000C43D7 /* XCRemoteSwiftPackageReference "ProgressHUD" */,
				3F603CCE29DB4A74000C43D7 /* XCRemoteSwiftPackageReference "Kingfisher" */,
			);
			productRefGroup = 3F68069429CBBAF100B4F915 /* Products */;
			projectDirPath = "";
			projectRoot = "";
			targets = (
				3F68069229CBBAF100B4F915 /* FakeNFT */,
				3F6806A829CBBAF200B4F915 /* FakeNFTTests */,
				3F6806B229CBBAF200B4F915 /* FakeNFTUITests */,
			);
		};
/* End PBXProject section */

/* Begin PBXResourcesBuildPhase section */
		3F68069129CBBAF100B4F915 /* Resources */ = {
			isa = PBXResourcesBuildPhase;
			buildActionMask = 2147483647;
			files = (
				3F6806A329CBBAF200B4F915 /* LaunchScreen.storyboard in Resources */,
				3F6806A029CBBAF200B4F915 /* Assets.xcassets in Resources */,
			);
			runOnlyForDeploymentPostprocessing = 0;
		};
		3F6806A729CBBAF200B4F915 /* Resources */ = {
			isa = PBXResourcesBuildPhase;
			buildActionMask = 2147483647;
			files = (
			);
			runOnlyForDeploymentPostprocessing = 0;
		};
		3F6806B129CBBAF200B4F915 /* Resources */ = {
			isa = PBXResourcesBuildPhase;
			buildActionMask = 2147483647;
			files = (
			);
			runOnlyForDeploymentPostprocessing = 0;
		};
/* End PBXResourcesBuildPhase section */

/* Begin PBXShellScriptBuildPhase section */
		3FC8C39529D24CDB0081F015 /* Swiftlint */ = {
			isa = PBXShellScriptBuildPhase;
			alwaysOutOfDate = 1;
			buildActionMask = 2147483647;
			files = (
			);
			inputFileListPaths = (
			);
			inputPaths = (
			);
			name = Swiftlint;
			outputFileListPaths = (
			);
			outputPaths = (
			);
			runOnlyForDeploymentPostprocessing = 0;
			shellPath = /bin/sh;
			shellScript = "export PATH=\"$PATH:/opt/homebrew/bin\"\nif which swiftlint > /dev/null; then\n  swiftlint --fix && swiftlint\nelse\n  echo \"warning: SwiftLint not installed, download from https://github.com/realm/SwiftLint\"\nfi\n";
		};
/* End PBXShellScriptBuildPhase section */

/* Begin PBXSourcesBuildPhase section */
		3F68068F29CBBAF100B4F915 /* Sources */ = {
			isa = PBXSourcesBuildPhase;
			buildActionMask = 2147483647;
			files = (
				325684DE2A519DA1000AC9E3 /* ImageCollectionCell.swift in Sources */,
				3299B5D92A63FF9900C704C4 /* ProfileUpdateRequest.swift in Sources */,
				3FC8C38B29D242E90081F015 /* ProductDetailsTableViewCell.swift in Sources */,
				32049A642A5C97FB00FF0E65 /* UserByIdRequest.swift in Sources */,
				32049A6A2A5D6D6D00FF0E65 /* NFTNetworkModel.swift in Sources */,
				3F478ECF29DB474E00F6D39E /* Colors.swift in Sources */,
				32178D242A5DF31700390169 /* ProfileRequest.swift in Sources */,
				3F478ED129DB476500F6D39E /* Fonts.swift in Sources */,
				C1D567622A572049005A7989 /* StatisticsUserNFTCollectionModel.swift in Sources */,
				C1CA99552A55A70700094174 /* StatisticsUserNFTCollectionViewCell.swift in Sources */,
				C1CA99572A55A72F00094174 /* StatisticsUserNFTCollectionCellModel.swift in Sources */,
				C1C0548D2A546FCE001980B9 /* StatisticsUserProfileViewController.swift in Sources */,
				3FC8C39329D246BA0081F015 /* DateFormatters+Presets.swift in Sources */,
				32556F3D2A617DA600EBBB07 /* WebViewView.swift in Sources */,
				325684DC2A519D81000AC9E3 /* NFTCollectionView.swift in Sources */,
				3299B5DB2A63FFB000C704C4 /* OrderUpdateRequest.swift in Sources */,
				32178D222A5D964300390169 /* OrderNetworkModel.swift in Sources */,
				325684C82A515D90000AC9E3 /* ProfileViewController.swift in Sources */,
				ED6A6E232A616D3000FDDB07 /* CartContentLoader.swift in Sources */,
				C1CA995B2A55CBB700094174 /* StatisticsViewModel.swift in Sources */,
				3F68069B29CBBAF100B4F915 /* ProductDetailsTableViewController.swift in Sources */,
				32DA95AE2A6A68DF001CD19B /* SortManager.swift in Sources */,
				325684D02A515DDF000AC9E3 /* CollectionsCatalogView.swift in Sources */,
				32049A662A5C98D800FF0E65 /* UserNetworkModel.swift in Sources */,
				325684CE2A515DCD000AC9E3 /* TabBarController.swift in Sources */,
				32049A5E2A5BDEB500FF0E65 /* CatalogNFTCell.swift in Sources */,
				EDB0A0BB2A548CC20019D61F /* PurchaseResultViewController.swift in Sources */,
				325684D02A515DDF000AC9E3 /* CollectionsCatalogView.swift in Sources */,
				EDB0A0B32A51EDC00019D61F /* MockCartData.swift in Sources */,
				EDB0A0B12A51ECC90019D61F /* NFTStruct.swift in Sources */,
				ED6A6E2F2A6175B500FDDB07 /* CartViewModel.swift in Sources */,
				325684CE2A515DCD000AC9E3 /* TabBarController.swift in Sources */,
				EDB0A0B92A544ED50019D61F /* PaymentCell.swift in Sources */,
				C1CA994F2A55A13100094174 /* StatisticsUserNFTCollectionViewController.swift in Sources */,
				325684D02A515DDF000AC9E3 /* CatalogViewController.swift in Sources */,
				C1D567672A572498005A7989 /* StatisticsUserProfileModel.swift in Sources */,
				C1CA99612A55D02800094174 /* StatisticsLoader.swift in Sources */,
				C1C054942A548F83001980B9 /* UIView+Layout.swift in Sources */,
				325684CE2A515DCD000AC9E3 /* TabBarController.swift in Sources */,
				C1C478B72A531F1400CDDD91 /* StatisticsTableViewCellModel.swift in Sources */,
				325684CA2A515DA5000AC9E3 /* StatisticsViewController.swift in Sources */,
				EDC537FA2A68127900D514E5 /* WebKit.swift in Sources */,
				C1D567642A5720A0005A7989 /* NFTModel.swift in Sources */,
				C1CA995D2A55CD1B00094174 /* Observable.swift in Sources */,
				C1CA99592A55B61400094174 /* GeometricParams.swift in Sources */,
				C1C478B52A531D7400CDDD91 /* StatisticsTableViewCell.swift in Sources */,
				3F6806D529CBBEC700B4F915 /* NetworkTask.swift in Sources */,
				325684E02A519DC6000AC9E3 /* DescriptionCollectionCell.swift in Sources */,
				EDF96FEE2A61907300D2B9A3 /* CartServerModel.swift in Sources */,
				C1CA995F2A55CED100094174 /* ServerUserModel.swift in Sources */,
				C1C478B92A532FC800CDDD91 /* ProfileCellView.swift in Sources */,
				3F68069729CBBAF100B4F915 /* AppDelegate.swift in Sources */,
				32049A4E2A5B029B00FF0E65 /* CollectionNetworkModel.swift in Sources */,
				32049A602A5C6ED300FF0E65 /* CollectionViewModel.swift in Sources */,
				C1D5675A2A571C4B005A7989 /* StatisticsUserProfileViewModel.swift in Sources */,
				C1D567602A57203D005A7989 /* StatisticsUserNFTCollectionViewModel.swift in Sources */,
				3F68069929CBBAF100B4F915 /* SceneDelegate.swift in Sources */,
				32049A682A5D6CBE00FF0E65 /* NFTRequest.swift in Sources */,
				32178D202A5D958400390169 /* OrderRequest.swift in Sources */,
				325684E22A5AFE64000AC9E3 /* CollectionsRequest.swift in Sources */,
				3FC8C39129D2453B0081F015 /* ExampleRequest.swift in Sources */,
				ED6A6E292A6173E500FDDB07 /* NFTModel.swift in Sources */,
				3F6806D729CBC50A00B4F915 /* CellsReusingUtils.swift in Sources */,
				EDB0A0B72A54481B0019D61F /* CryptoCurrencyViewController.swift in Sources */,
				325684CC2A515DB9000AC9E3 /* CartViewController.swift in Sources */,
				C1D567572A571390005A7989 /* StatisticsRouter.swift in Sources */,
				C1B3D5B62A606A70005D499B /* UserModel.swift in Sources */,
				3F6806D329CBBE9600B4F915 /* NetworkRequest.swift in Sources */,
				32049A582A5B185D00FF0E65 /* CollectionsCatalogViewModel.swift in Sources */,
				3F6806CB29CBBCC700B4F915 /* ExampleNetworkModel.swift in Sources */,
				325684D82A519BF8000AC9E3 /* CatalogTableViewCell.swift in Sources */,
				ED6A6E2C2A61756300FDDB07 /* Observable.swift in Sources */,
				EDB0A0B52A51EDE70019D61F /* NFTCell.swift in Sources */,
				ED6A6E252A6171DB00FDDB07 /* NFTServerModel.swift in Sources */,
				3F6806D129CBBE6B00B4F915 /* NetworkClient.swift in Sources */,
				32049A622A5C725800FF0E65 /* CollectionModel.swift in Sources */,
				32178D262A5DF35E00390169 /* ProfileNetworkModel.swift in Sources */,
			);
			runOnlyForDeploymentPostprocessing = 0;
		};
		3F6806A529CBBAF200B4F915 /* Sources */ = {
			isa = PBXSourcesBuildPhase;
			buildActionMask = 2147483647;
			files = (
				3F6806AE29CBBAF200B4F915 /* ExampleUnitTests.swift in Sources */,
			);
			runOnlyForDeploymentPostprocessing = 0;
		};
		3F6806AF29CBBAF200B4F915 /* Sources */ = {
			isa = PBXSourcesBuildPhase;
			buildActionMask = 2147483647;
			files = (
				3F6806B829CBBAF200B4F915 /* FakeNFTUITests.swift in Sources */,
			);
			runOnlyForDeploymentPostprocessing = 0;
		};
/* End PBXSourcesBuildPhase section */

/* Begin PBXTargetDependency section */
		3F6806AB29CBBAF200B4F915 /* PBXTargetDependency */ = {
			isa = PBXTargetDependency;
			target = 3F68069229CBBAF100B4F915 /* FakeNFT */;
			targetProxy = 3F6806AA29CBBAF200B4F915 /* PBXContainerItemProxy */;
		};
		3F6806B529CBBAF200B4F915 /* PBXTargetDependency */ = {
			isa = PBXTargetDependency;
			target = 3F68069229CBBAF100B4F915 /* FakeNFT */;
			targetProxy = 3F6806B429CBBAF200B4F915 /* PBXContainerItemProxy */;
		};
/* End PBXTargetDependency section */

/* Begin PBXVariantGroup section */
		3F6806A129CBBAF200B4F915 /* LaunchScreen.storyboard */ = {
			isa = PBXVariantGroup;
			children = (
				3F6806A229CBBAF200B4F915 /* Base */,
				32DA95B42A6AA5F0001CD19B /* ru */,
			);
			name = LaunchScreen.storyboard;
			sourceTree = "<group>";
		};
/* End PBXVariantGroup section */

/* Begin XCBuildConfiguration section */
		3F6806BB29CBBAF200B4F915 /* Debug */ = {
			isa = XCBuildConfiguration;
			buildSettings = {
				ALWAYS_SEARCH_USER_PATHS = NO;
				CLANG_ANALYZER_LOCALIZABILITY_NONLOCALIZED = YES;
				CLANG_ANALYZER_NONNULL = YES;
				CLANG_ANALYZER_NUMBER_OBJECT_CONVERSION = YES_AGGRESSIVE;
				CLANG_CXX_LANGUAGE_STANDARD = "gnu++20";
				CLANG_ENABLE_MODULES = YES;
				CLANG_ENABLE_OBJC_ARC = YES;
				CLANG_ENABLE_OBJC_WEAK = YES;
				CLANG_WARN_BLOCK_CAPTURE_AUTORELEASING = YES;
				CLANG_WARN_BOOL_CONVERSION = YES;
				CLANG_WARN_COMMA = YES;
				CLANG_WARN_CONSTANT_CONVERSION = YES;
				CLANG_WARN_DEPRECATED_OBJC_IMPLEMENTATIONS = YES;
				CLANG_WARN_DIRECT_OBJC_ISA_USAGE = YES_ERROR;
				CLANG_WARN_DOCUMENTATION_COMMENTS = YES;
				CLANG_WARN_EMPTY_BODY = YES;
				CLANG_WARN_ENUM_CONVERSION = YES;
				CLANG_WARN_INFINITE_RECURSION = YES;
				CLANG_WARN_INT_CONVERSION = YES;
				CLANG_WARN_NON_LITERAL_NULL_CONVERSION = YES;
				CLANG_WARN_OBJC_IMPLICIT_RETAIN_SELF = YES;
				CLANG_WARN_OBJC_LITERAL_CONVERSION = YES;
				CLANG_WARN_OBJC_ROOT_CLASS = YES_ERROR;
				CLANG_WARN_QUOTED_INCLUDE_IN_FRAMEWORK_HEADER = YES;
				CLANG_WARN_RANGE_LOOP_ANALYSIS = YES;
				CLANG_WARN_STRICT_PROTOTYPES = YES;
				CLANG_WARN_SUSPICIOUS_MOVE = YES;
				CLANG_WARN_UNGUARDED_AVAILABILITY = YES_AGGRESSIVE;
				CLANG_WARN_UNREACHABLE_CODE = YES;
				CLANG_WARN__DUPLICATE_METHOD_MATCH = YES;
				COPY_PHASE_STRIP = NO;
				DEBUG_INFORMATION_FORMAT = dwarf;
				ENABLE_STRICT_OBJC_MSGSEND = YES;
				ENABLE_TESTABILITY = YES;
				GCC_C_LANGUAGE_STANDARD = gnu11;
				GCC_DYNAMIC_NO_PIC = NO;
				GCC_NO_COMMON_BLOCKS = YES;
				GCC_OPTIMIZATION_LEVEL = 0;
				GCC_PREPROCESSOR_DEFINITIONS = (
					"DEBUG=1",
					"$(inherited)",
				);
				GCC_WARN_64_TO_32_BIT_CONVERSION = YES;
				GCC_WARN_ABOUT_RETURN_TYPE = YES_ERROR;
				GCC_WARN_UNDECLARED_SELECTOR = YES;
				GCC_WARN_UNINITIALIZED_AUTOS = YES_AGGRESSIVE;
				GCC_WARN_UNUSED_FUNCTION = YES;
				GCC_WARN_UNUSED_VARIABLE = YES;
				IPHONEOS_DEPLOYMENT_TARGET = 13.0;
				MTL_ENABLE_DEBUG_INFO = INCLUDE_SOURCE;
				MTL_FAST_MATH = YES;
				ONLY_ACTIVE_ARCH = YES;
				SDKROOT = iphoneos;
				SWIFT_ACTIVE_COMPILATION_CONDITIONS = DEBUG;
				SWIFT_OPTIMIZATION_LEVEL = "-Onone";
			};
			name = Debug;
		};
		3F6806BC29CBBAF200B4F915 /* Release */ = {
			isa = XCBuildConfiguration;
			buildSettings = {
				ALWAYS_SEARCH_USER_PATHS = NO;
				CLANG_ANALYZER_LOCALIZABILITY_NONLOCALIZED = YES;
				CLANG_ANALYZER_NONNULL = YES;
				CLANG_ANALYZER_NUMBER_OBJECT_CONVERSION = YES_AGGRESSIVE;
				CLANG_CXX_LANGUAGE_STANDARD = "gnu++20";
				CLANG_ENABLE_MODULES = YES;
				CLANG_ENABLE_OBJC_ARC = YES;
				CLANG_ENABLE_OBJC_WEAK = YES;
				CLANG_WARN_BLOCK_CAPTURE_AUTORELEASING = YES;
				CLANG_WARN_BOOL_CONVERSION = YES;
				CLANG_WARN_COMMA = YES;
				CLANG_WARN_CONSTANT_CONVERSION = YES;
				CLANG_WARN_DEPRECATED_OBJC_IMPLEMENTATIONS = YES;
				CLANG_WARN_DIRECT_OBJC_ISA_USAGE = YES_ERROR;
				CLANG_WARN_DOCUMENTATION_COMMENTS = YES;
				CLANG_WARN_EMPTY_BODY = YES;
				CLANG_WARN_ENUM_CONVERSION = YES;
				CLANG_WARN_INFINITE_RECURSION = YES;
				CLANG_WARN_INT_CONVERSION = YES;
				CLANG_WARN_NON_LITERAL_NULL_CONVERSION = YES;
				CLANG_WARN_OBJC_IMPLICIT_RETAIN_SELF = YES;
				CLANG_WARN_OBJC_LITERAL_CONVERSION = YES;
				CLANG_WARN_OBJC_ROOT_CLASS = YES_ERROR;
				CLANG_WARN_QUOTED_INCLUDE_IN_FRAMEWORK_HEADER = YES;
				CLANG_WARN_RANGE_LOOP_ANALYSIS = YES;
				CLANG_WARN_STRICT_PROTOTYPES = YES;
				CLANG_WARN_SUSPICIOUS_MOVE = YES;
				CLANG_WARN_UNGUARDED_AVAILABILITY = YES_AGGRESSIVE;
				CLANG_WARN_UNREACHABLE_CODE = YES;
				CLANG_WARN__DUPLICATE_METHOD_MATCH = YES;
				COPY_PHASE_STRIP = NO;
				DEBUG_INFORMATION_FORMAT = "dwarf-with-dsym";
				ENABLE_NS_ASSERTIONS = NO;
				ENABLE_STRICT_OBJC_MSGSEND = YES;
				GCC_C_LANGUAGE_STANDARD = gnu11;
				GCC_NO_COMMON_BLOCKS = YES;
				GCC_WARN_64_TO_32_BIT_CONVERSION = YES;
				GCC_WARN_ABOUT_RETURN_TYPE = YES_ERROR;
				GCC_WARN_UNDECLARED_SELECTOR = YES;
				GCC_WARN_UNINITIALIZED_AUTOS = YES_AGGRESSIVE;
				GCC_WARN_UNUSED_FUNCTION = YES;
				GCC_WARN_UNUSED_VARIABLE = YES;
				IPHONEOS_DEPLOYMENT_TARGET = 13.0;
				MTL_ENABLE_DEBUG_INFO = NO;
				MTL_FAST_MATH = YES;
				SDKROOT = iphoneos;
				SWIFT_COMPILATION_MODE = wholemodule;
				SWIFT_OPTIMIZATION_LEVEL = "-O";
				VALIDATE_PRODUCT = YES;
			};
			name = Release;
		};
		3F6806BE29CBBAF200B4F915 /* Debug */ = {
			isa = XCBuildConfiguration;
			buildSettings = {
				ASSETCATALOG_COMPILER_APPICON_NAME = AppIcon;
				ASSETCATALOG_COMPILER_GLOBAL_ACCENT_COLOR_NAME = AccentColor;
				CODE_SIGN_STYLE = Automatic;
				CURRENT_PROJECT_VERSION = 1;
				GENERATE_INFOPLIST_FILE = YES;
				INFOPLIST_FILE = FakeNFT/Info.plist;
				INFOPLIST_KEY_UIApplicationSupportsIndirectInputEvents = YES;
				INFOPLIST_KEY_UILaunchStoryboardName = LaunchScreen;
				INFOPLIST_KEY_UISupportedInterfaceOrientations_iPad = "UIInterfaceOrientationPortrait UIInterfaceOrientationPortraitUpsideDown UIInterfaceOrientationLandscapeLeft UIInterfaceOrientationLandscapeRight";
				INFOPLIST_KEY_UISupportedInterfaceOrientations_iPhone = "UIInterfaceOrientationPortrait UIInterfaceOrientationLandscapeLeft UIInterfaceOrientationLandscapeRight";
				IPHONEOS_DEPLOYMENT_TARGET = 13.0;
				LD_RUNPATH_SEARCH_PATHS = (
					"$(inherited)",
					"@executable_path/Frameworks",
				);
				MARKETING_VERSION = 1.0;
				PRODUCT_BUNDLE_IDENTIFIER = com.practicum.FakeNFT;
				PRODUCT_NAME = "$(TARGET_NAME)";
				SWIFT_EMIT_LOC_STRINGS = YES;
				SWIFT_VERSION = 5.0;
				TARGETED_DEVICE_FAMILY = "1,2";
			};
			name = Debug;
		};
		3F6806BF29CBBAF200B4F915 /* Release */ = {
			isa = XCBuildConfiguration;
			buildSettings = {
				ASSETCATALOG_COMPILER_APPICON_NAME = AppIcon;
				ASSETCATALOG_COMPILER_GLOBAL_ACCENT_COLOR_NAME = AccentColor;
				CODE_SIGN_STYLE = Automatic;
				CURRENT_PROJECT_VERSION = 1;
				GENERATE_INFOPLIST_FILE = YES;
				INFOPLIST_FILE = FakeNFT/Info.plist;
				INFOPLIST_KEY_UIApplicationSupportsIndirectInputEvents = YES;
				INFOPLIST_KEY_UILaunchStoryboardName = LaunchScreen;
				INFOPLIST_KEY_UISupportedInterfaceOrientations_iPad = "UIInterfaceOrientationPortrait UIInterfaceOrientationPortraitUpsideDown UIInterfaceOrientationLandscapeLeft UIInterfaceOrientationLandscapeRight";
				INFOPLIST_KEY_UISupportedInterfaceOrientations_iPhone = "UIInterfaceOrientationPortrait UIInterfaceOrientationLandscapeLeft UIInterfaceOrientationLandscapeRight";
				IPHONEOS_DEPLOYMENT_TARGET = 13.0;
				LD_RUNPATH_SEARCH_PATHS = (
					"$(inherited)",
					"@executable_path/Frameworks",
				);
				MARKETING_VERSION = 1.0;
				PRODUCT_BUNDLE_IDENTIFIER = com.practicum.FakeNFT;
				PRODUCT_NAME = "$(TARGET_NAME)";
				SWIFT_EMIT_LOC_STRINGS = YES;
				SWIFT_VERSION = 5.0;
				TARGETED_DEVICE_FAMILY = "1,2";
			};
			name = Release;
		};
		3F6806C129CBBAF200B4F915 /* Debug */ = {
			isa = XCBuildConfiguration;
			buildSettings = {
				ALWAYS_EMBED_SWIFT_STANDARD_LIBRARIES = YES;
				BUNDLE_LOADER = "$(TEST_HOST)";
				CODE_SIGN_STYLE = Automatic;
				CURRENT_PROJECT_VERSION = 1;
				GENERATE_INFOPLIST_FILE = YES;
				IPHONEOS_DEPLOYMENT_TARGET = 16.2;
				MARKETING_VERSION = 1.0;
				PRODUCT_BUNDLE_IDENTIFIER = com.practicum.FakeNFTTests;
				PRODUCT_NAME = "$(TARGET_NAME)";
				SWIFT_EMIT_LOC_STRINGS = NO;
				SWIFT_VERSION = 5.0;
				TARGETED_DEVICE_FAMILY = "1,2";
				TEST_HOST = "$(BUILT_PRODUCTS_DIR)/FakeNFT.app/$(BUNDLE_EXECUTABLE_FOLDER_PATH)/FakeNFT";
			};
			name = Debug;
		};
		3F6806C229CBBAF200B4F915 /* Release */ = {
			isa = XCBuildConfiguration;
			buildSettings = {
				ALWAYS_EMBED_SWIFT_STANDARD_LIBRARIES = YES;
				BUNDLE_LOADER = "$(TEST_HOST)";
				CODE_SIGN_STYLE = Automatic;
				CURRENT_PROJECT_VERSION = 1;
				GENERATE_INFOPLIST_FILE = YES;
				IPHONEOS_DEPLOYMENT_TARGET = 16.2;
				MARKETING_VERSION = 1.0;
				PRODUCT_BUNDLE_IDENTIFIER = com.practicum.FakeNFTTests;
				PRODUCT_NAME = "$(TARGET_NAME)";
				SWIFT_EMIT_LOC_STRINGS = NO;
				SWIFT_VERSION = 5.0;
				TARGETED_DEVICE_FAMILY = "1,2";
				TEST_HOST = "$(BUILT_PRODUCTS_DIR)/FakeNFT.app/$(BUNDLE_EXECUTABLE_FOLDER_PATH)/FakeNFT";
			};
			name = Release;
		};
		3F6806C429CBBAF200B4F915 /* Debug */ = {
			isa = XCBuildConfiguration;
			buildSettings = {
				ALWAYS_EMBED_SWIFT_STANDARD_LIBRARIES = YES;
				CODE_SIGN_STYLE = Automatic;
				CURRENT_PROJECT_VERSION = 1;
				GENERATE_INFOPLIST_FILE = YES;
				MARKETING_VERSION = 1.0;
				PRODUCT_BUNDLE_IDENTIFIER = com.practicum.FakeNFTUITests;
				PRODUCT_NAME = "$(TARGET_NAME)";
				SWIFT_EMIT_LOC_STRINGS = NO;
				SWIFT_VERSION = 5.0;
				TARGETED_DEVICE_FAMILY = "1,2";
				TEST_TARGET_NAME = FakeNFT;
			};
			name = Debug;
		};
		3F6806C529CBBAF200B4F915 /* Release */ = {
			isa = XCBuildConfiguration;
			buildSettings = {
				ALWAYS_EMBED_SWIFT_STANDARD_LIBRARIES = YES;
				CODE_SIGN_STYLE = Automatic;
				CURRENT_PROJECT_VERSION = 1;
				GENERATE_INFOPLIST_FILE = YES;
				MARKETING_VERSION = 1.0;
				PRODUCT_BUNDLE_IDENTIFIER = com.practicum.FakeNFTUITests;
				PRODUCT_NAME = "$(TARGET_NAME)";
				SWIFT_EMIT_LOC_STRINGS = NO;
				SWIFT_VERSION = 5.0;
				TARGETED_DEVICE_FAMILY = "1,2";
				TEST_TARGET_NAME = FakeNFT;
			};
			name = Release;
		};
/* End XCBuildConfiguration section */

/* Begin XCConfigurationList section */
		3F68068E29CBBAF100B4F915 /* Build configuration list for PBXProject "FakeNFT" */ = {
			isa = XCConfigurationList;
			buildConfigurations = (
				3F6806BB29CBBAF200B4F915 /* Debug */,
				3F6806BC29CBBAF200B4F915 /* Release */,
			);
			defaultConfigurationIsVisible = 0;
			defaultConfigurationName = Release;
		};
		3F6806BD29CBBAF200B4F915 /* Build configuration list for PBXNativeTarget "FakeNFT" */ = {
			isa = XCConfigurationList;
			buildConfigurations = (
				3F6806BE29CBBAF200B4F915 /* Debug */,
				3F6806BF29CBBAF200B4F915 /* Release */,
			);
			defaultConfigurationIsVisible = 0;
			defaultConfigurationName = Release;
		};
		3F6806C029CBBAF200B4F915 /* Build configuration list for PBXNativeTarget "FakeNFTTests" */ = {
			isa = XCConfigurationList;
			buildConfigurations = (
				3F6806C129CBBAF200B4F915 /* Debug */,
				3F6806C229CBBAF200B4F915 /* Release */,
			);
			defaultConfigurationIsVisible = 0;
			defaultConfigurationName = Release;
		};
		3F6806C329CBBAF200B4F915 /* Build configuration list for PBXNativeTarget "FakeNFTUITests" */ = {
			isa = XCConfigurationList;
			buildConfigurations = (
				3F6806C429CBBAF200B4F915 /* Debug */,
				3F6806C529CBBAF200B4F915 /* Release */,
			);
			defaultConfigurationIsVisible = 0;
			defaultConfigurationName = Release;
		};
/* End XCConfigurationList section */

/* Begin XCRemoteSwiftPackageReference section */
		3F603CCB29DB4A53000C43D7 /* XCRemoteSwiftPackageReference "ProgressHUD" */ = {
			isa = XCRemoteSwiftPackageReference;
			repositoryURL = "https://github.com/relatedcode/ProgressHUD";
			requirement = {
				kind = upToNextMajorVersion;
				minimumVersion = 13.0.0;
			};
		};
		3F603CCE29DB4A74000C43D7 /* XCRemoteSwiftPackageReference "Kingfisher" */ = {
			isa = XCRemoteSwiftPackageReference;
			repositoryURL = "https://github.com/onevcat/Kingfisher.git";
			requirement = {
				kind = upToNextMajorVersion;
				minimumVersion = 7.0.0;
			};
		};
/* End XCRemoteSwiftPackageReference section */

/* Begin XCSwiftPackageProductDependency section */
		3F603CCC29DB4A53000C43D7 /* ProgressHUD */ = {
			isa = XCSwiftPackageProductDependency;
			package = 3F603CCB29DB4A53000C43D7 /* XCRemoteSwiftPackageReference "ProgressHUD" */;
			productName = ProgressHUD;
		};
		3F603CCF29DB4A74000C43D7 /* Kingfisher */ = {
			isa = XCSwiftPackageProductDependency;
			package = 3F603CCE29DB4A74000C43D7 /* XCRemoteSwiftPackageReference "Kingfisher" */;
			productName = Kingfisher;
		};
/* End XCSwiftPackageProductDependency section */
	};
	rootObject = 3F68068B29CBBAF100B4F915 /* Project object */;
}
